
Microsoft Visual Studio Solution File, Format Version 12.00
# Visual Studio Version 16
VisualStudioVersion = 16.0.28922.388
MinimumVisualStudioVersion = 10.0.40219.1
Project("{FAE04EC0-301F-11D3-BF4B-00C04F79EFBC}") = "Microsoft", "Microsoft\Microsoft.csproj", "{AD3B295D-0085-4C50-9D79-1FA0AA04143D}"
EndProject
Global
	GlobalSection(SolutionConfigurationPlatforms) = preSolution
		Debug|Any CPU = Debug|Any CPU
		Release|Any CPU = Release|Any CPU
	EndGlobalSection
	GlobalSection(ProjectConfigurationPlatforms) = postSolution
		{AD3B295D-0085-4C50-9D79-1FA0AA04143D}.Debug|Any CPU.ActiveCfg = Debug|Any CPU
		{AD3B295D-0085-4C50-9D79-1FA0AA04143D}.Debug|Any CPU.Build.0 = Debug|Any CPU
		{AD3B295D-0085-4C50-9D79-1FA0AA04143D}.Release|Any CPU.ActiveCfg = Release|Any CPU
		{AD3B295D-0085-4C50-9D79-1FA0AA04143D}.Release|Any CPU.Build.0 = Release|Any CPU
	EndGlobalSection
	GlobalSection(SolutionProperties) = preSolution
		HideSolutionNode = FALSE
	EndGlobalSection
	GlobalSection(ExtensibilityGlobals) = postSolution
		SolutionGuid = {5A384E80-6159-4268-96AA-A3DB474BFE62}
	EndGlobalSection
	GlobalSection(TeamFoundationVersionControl) = preSolution
		SccNumberOfProjects = 2
		SccEnterpriseProvider = {4CA58AB2-18FA-4F8D-95D4-32DDF27D184C}
		SccTeamFoundationServer = https://smjalalian.visualstudio.com/
		SccLocalPath0 = .
		SccProjectUniqueName1 = Microsoft\\Microsoft.csproj
		SccProjectName1 = Microsoft
		SccLocalPath1 = Microsoft
	EndGlobalSection
EndGlobal
